// !$*UTF8*$!
{
	archiveVersion = 1;
	classes = {
	};
	objectVersion = 46;
	objects = {

/* Begin PBXBuildFile section */
		12A0FA541E20DC22000DA030 /* AppDelegate.swift in Sources */ = {isa = PBXBuildFile; fileRef = 12A0FA531E20DC22000DA030 /* AppDelegate.swift */; };
		12A0FA561E20DC22000DA030 /* ViewController.swift in Sources */ = {isa = PBXBuildFile; fileRef = 12A0FA551E20DC22000DA030 /* ViewController.swift */; };
		12A0FA591E20DC22000DA030 /* Main.storyboard in Resources */ = {isa = PBXBuildFile; fileRef = 12A0FA571E20DC22000DA030 /* Main.storyboard */; };
		12A0FA5B1E20DC22000DA030 /* Assets.xcassets in Resources */ = {isa = PBXBuildFile; fileRef = 12A0FA5A1E20DC22000DA030 /* Assets.xcassets */; };
		12A0FA5E1E20DC22000DA030 /* LaunchScreen.storyboard in Resources */ = {isa = PBXBuildFile; fileRef = 12A0FA5C1E20DC22000DA030 /* LaunchScreen.storyboard */; };
		12A0FA691E20DC22000DA030 /* FlickrViewerTests.swift in Sources */ = {isa = PBXBuildFile; fileRef = 12A0FA681E20DC22000DA030 /* FlickrViewerTests.swift */; };
		12A0FA741E20DC22000DA030 /* FlickrViewerUITests.swift in Sources */ = {isa = PBXBuildFile; fileRef = 12A0FA731E20DC22000DA030 /* FlickrViewerUITests.swift */; };
		12A0FA821E2125D6000DA030 /* FeedItem.swift in Sources */ = {isa = PBXBuildFile; fileRef = 12A0FA811E2125D6000DA030 /* FeedItem.swift */; };
		743E40D44F3DCF382D598D90 /* Pods_FlickrViewer.framework in Frameworks */ = {isa = PBXBuildFile; fileRef = ED7DB2C52B6D3423591ECA1D /* Pods_FlickrViewer.framework */; };
/* End PBXBuildFile section */

/* Begin PBXContainerItemProxy section */
		12A0FA651E20DC22000DA030 /* PBXContainerItemProxy */ = {
			isa = PBXContainerItemProxy;
			containerPortal = 12A0FA481E20DC22000DA030 /* Project object */;
			proxyType = 1;
			remoteGlobalIDString = 12A0FA4F1E20DC22000DA030;
			remoteInfo = FlickrViewer;
		};
		12A0FA701E20DC22000DA030 /* PBXContainerItemProxy */ = {
			isa = PBXContainerItemProxy;
			containerPortal = 12A0FA481E20DC22000DA030 /* Project object */;
			proxyType = 1;
			remoteGlobalIDString = 12A0FA4F1E20DC22000DA030;
			remoteInfo = FlickrViewer;
		};
/* End PBXContainerItemProxy section */

/* Begin PBXFileReference section */
		12A0FA501E20DC22000DA030 /* FlickrViewer.app */ = {isa = PBXFileReference; explicitFileType = wrapper.application; includeInIndex = 0; path = FlickrViewer.app; sourceTree = BUILT_PRODUCTS_DIR; };
		12A0FA531E20DC22000DA030 /* AppDelegate.swift */ = {isa = PBXFileReference; lastKnownFileType = sourcecode.swift; path = AppDelegate.swift; sourceTree = "<group>"; };
		12A0FA551E20DC22000DA030 /* ViewController.swift */ = {isa = PBXFileReference; lastKnownFileType = sourcecode.swift; path = ViewController.swift; sourceTree = "<group>"; };
		12A0FA581E20DC22000DA030 /* Base */ = {isa = PBXFileReference; lastKnownFileType = file.storyboard; name = Base; path = Base.lproj/Main.storyboard; sourceTree = "<group>"; };
		12A0FA5A1E20DC22000DA030 /* Assets.xcassets */ = {isa = PBXFileReference; lastKnownFileType = folder.assetcatalog; path = Assets.xcassets; sourceTree = "<group>"; };
		12A0FA5D1E20DC22000DA030 /* Base */ = {isa = PBXFileReference; lastKnownFileType = file.storyboard; name = Base; path = Base.lproj/LaunchScreen.storyboard; sourceTree = "<group>"; };
		12A0FA5F1E20DC22000DA030 /* Info.plist */ = {isa = PBXFileReference; lastKnownFileType = text.plist.xml; path = Info.plist; sourceTree = "<group>"; };
		12A0FA641E20DC22000DA030 /* FlickrViewerTests.xctest */ = {isa = PBXFileReference; explicitFileType = wrapper.cfbundle; includeInIndex = 0; path = FlickrViewerTests.xctest; sourceTree = BUILT_PRODUCTS_DIR; };
		12A0FA681E20DC22000DA030 /* FlickrViewerTests.swift */ = {isa = PBXFileReference; lastKnownFileType = sourcecode.swift; path = FlickrViewerTests.swift; sourceTree = "<group>"; };
		12A0FA6A1E20DC22000DA030 /* Info.plist */ = {isa = PBXFileReference; lastKnownFileType = text.plist.xml; path = Info.plist; sourceTree = "<group>"; };
		12A0FA6F1E20DC22000DA030 /* FlickrViewerUITests.xctest */ = {isa = PBXFileReference; explicitFileType = wrapper.cfbundle; includeInIndex = 0; path = FlickrViewerUITests.xctest; sourceTree = BUILT_PRODUCTS_DIR; };
		12A0FA731E20DC22000DA030 /* FlickrViewerUITests.swift */ = {isa = PBXFileReference; lastKnownFileType = sourcecode.swift; path = FlickrViewerUITests.swift; sourceTree = "<group>"; };
		12A0FA751E20DC22000DA030 /* Info.plist */ = {isa = PBXFileReference; lastKnownFileType = text.plist.xml; path = Info.plist; sourceTree = "<group>"; };
		12A0FA811E2125D6000DA030 /* FeedItem.swift */ = {isa = PBXFileReference; fileEncoding = 4; lastKnownFileType = sourcecode.swift; path = FeedItem.swift; sourceTree = "<group>"; };
		7E7FD74081F3C1E96B9F5D52 /* Pods-FlickrViewer.debug.xcconfig */ = {isa = PBXFileReference; includeInIndex = 1; lastKnownFileType = text.xcconfig; name = "Pods-FlickrViewer.debug.xcconfig"; path = "Pods/Target Support Files/Pods-FlickrViewer/Pods-FlickrViewer.debug.xcconfig"; sourceTree = "<group>"; };
		B174100C208BBF80E674BB47 /* Pods-FlickrViewer.release.xcconfig */ = {isa = PBXFileReference; includeInIndex = 1; lastKnownFileType = text.xcconfig; name = "Pods-FlickrViewer.release.xcconfig"; path = "Pods/Target Support Files/Pods-FlickrViewer/Pods-FlickrViewer.release.xcconfig"; sourceTree = "<group>"; };
		ED7DB2C52B6D3423591ECA1D /* Pods_FlickrViewer.framework */ = {isa = PBXFileReference; explicitFileType = wrapper.framework; includeInIndex = 0; path = Pods_FlickrViewer.framework; sourceTree = BUILT_PRODUCTS_DIR; };
/* End PBXFileReference section */

/* Begin PBXFrameworksBuildPhase section */
		12A0FA4D1E20DC22000DA030 /* Frameworks */ = {
			isa = PBXFrameworksBuildPhase;
			buildActionMask = 2147483647;
			files = (
				743E40D44F3DCF382D598D90 /* Pods_FlickrViewer.framework in Frameworks */,
			);
			runOnlyForDeploymentPostprocessing = 0;
		};
		12A0FA611E20DC22000DA030 /* Frameworks */ = {
			isa = PBXFrameworksBuildPhase;
			buildActionMask = 2147483647;
			files = (
			);
			runOnlyForDeploymentPostprocessing = 0;
		};
		12A0FA6C1E20DC22000DA030 /* Frameworks */ = {
			isa = PBXFrameworksBuildPhase;
			buildActionMask = 2147483647;
			files = (
			);
			runOnlyForDeploymentPostprocessing = 0;
		};
/* End PBXFrameworksBuildPhase section */

/* Begin PBXGroup section */
		12A0FA471E20DC22000DA030 = {
			isa = PBXGroup;
			children = (
				12A0FA521E20DC22000DA030 /* FlickrViewer */,
				12A0FA671E20DC22000DA030 /* FlickrViewerTests */,
				12A0FA721E20DC22000DA030 /* FlickrViewerUITests */,
				12A0FA511E20DC22000DA030 /* Products */,
				61E6555860914CEDF614ADA6 /* Pods */,
				8BA63BB63C5A5CAF55334A89 /* Frameworks */,
			);
			sourceTree = "<group>";
		};
		12A0FA511E20DC22000DA030 /* Products */ = {
			isa = PBXGroup;
			children = (
				12A0FA501E20DC22000DA030 /* FlickrViewer.app */,
				12A0FA641E20DC22000DA030 /* FlickrViewerTests.xctest */,
				12A0FA6F1E20DC22000DA030 /* FlickrViewerUITests.xctest */,
			);
			name = Products;
			sourceTree = "<group>";
		};
		12A0FA521E20DC22000DA030 /* FlickrViewer */ = {
			isa = PBXGroup;
			children = (
				12A0FA531E20DC22000DA030 /* AppDelegate.swift */,
				12A0FA551E20DC22000DA030 /* ViewController.swift */,
				12A0FA571E20DC22000DA030 /* Main.storyboard */,
				12A0FA5A1E20DC22000DA030 /* Assets.xcassets */,
				12A0FA5C1E20DC22000DA030 /* LaunchScreen.storyboard */,
				12A0FA5F1E20DC22000DA030 /* Info.plist */,
				12A0FA811E2125D6000DA030 /* FeedItem.swift */,
			);
			path = FlickrViewer;
			sourceTree = "<group>";
		};
		12A0FA671E20DC22000DA030 /* FlickrViewerTests */ = {
			isa = PBXGroup;
			children = (
				12A0FA681E20DC22000DA030 /* FlickrViewerTests.swift */,
				12A0FA6A1E20DC22000DA030 /* Info.plist */,
			);
			path = FlickrViewerTests;
			sourceTree = "<group>";
		};
		12A0FA721E20DC22000DA030 /* FlickrViewerUITests */ = {
			isa = PBXGroup;
			children = (
				12A0FA731E20DC22000DA030 /* FlickrViewerUITests.swift */,
				12A0FA751E20DC22000DA030 /* Info.plist */,
			);
			path = FlickrViewerUITests;
			sourceTree = "<group>";
		};
		61E6555860914CEDF614ADA6 /* Pods */ = {
			isa = PBXGroup;
			children = (
				7E7FD74081F3C1E96B9F5D52 /* Pods-FlickrViewer.debug.xcconfig */,
				B174100C208BBF80E674BB47 /* Pods-FlickrViewer.release.xcconfig */,
			);
			name = Pods;
			sourceTree = "<group>";
		};
		8BA63BB63C5A5CAF55334A89 /* Frameworks */ = {
			isa = PBXGroup;
			children = (
				ED7DB2C52B6D3423591ECA1D /* Pods_FlickrViewer.framework */,
			);
			name = Frameworks;
			sourceTree = "<group>";
		};
/* End PBXGroup section */

/* Begin PBXNativeTarget section */
		12A0FA4F1E20DC22000DA030 /* FlickrViewer */ = {
			isa = PBXNativeTarget;
			buildConfigurationList = 12A0FA781E20DC22000DA030 /* Build configuration list for PBXNativeTarget "FlickrViewer" */;
			buildPhases = (
				F4141CC49216FC6BEF2FDC16 /* [CP] Check Pods Manifest.lock */,
				12A0FA4C1E20DC22000DA030 /* Sources */,
				12A0FA4D1E20DC22000DA030 /* Frameworks */,
				12A0FA4E1E20DC22000DA030 /* Resources */,
				38592C0422D7C0592E82E46A /* [CP] Embed Pods Frameworks */,
				77B72563D8EBF81D36C2529D /* [CP] Copy Pods Resources */,
			);
			buildRules = (
			);
			dependencies = (
			);
			name = FlickrViewer;
			productName = FlickrViewer;
			productReference = 12A0FA501E20DC22000DA030 /* FlickrViewer.app */;
			productType = "com.apple.product-type.application";
		};
		12A0FA631E20DC22000DA030 /* FlickrViewerTests */ = {
			isa = PBXNativeTarget;
			buildConfigurationList = 12A0FA7B1E20DC22000DA030 /* Build configuration list for PBXNativeTarget "FlickrViewerTests" */;
			buildPhases = (
				12A0FA601E20DC22000DA030 /* Sources */,
				12A0FA611E20DC22000DA030 /* Frameworks */,
				12A0FA621E20DC22000DA030 /* Resources */,
			);
			buildRules = (
			);
			dependencies = (
				12A0FA661E20DC22000DA030 /* PBXTargetDependency */,
			);
			name = FlickrViewerTests;
			productName = FlickrViewerTests;
			productReference = 12A0FA641E20DC22000DA030 /* FlickrViewerTests.xctest */;
			productType = "com.apple.product-type.bundle.unit-test";
		};
		12A0FA6E1E20DC22000DA030 /* FlickrViewerUITests */ = {
			isa = PBXNativeTarget;
			buildConfigurationList = 12A0FA7E1E20DC22000DA030 /* Build configuration list for PBXNativeTarget "FlickrViewerUITests" */;
			buildPhases = (
				12A0FA6B1E20DC22000DA030 /* Sources */,
				12A0FA6C1E20DC22000DA030 /* Frameworks */,
				12A0FA6D1E20DC22000DA030 /* Resources */,
			);
			buildRules = (
			);
			dependencies = (
				12A0FA711E20DC22000DA030 /* PBXTargetDependency */,
			);
			name = FlickrViewerUITests;
			productName = FlickrViewerUITests;
			productReference = 12A0FA6F1E20DC22000DA030 /* FlickrViewerUITests.xctest */;
			productType = "com.apple.product-type.bundle.ui-testing";
		};
/* End PBXNativeTarget section */

/* Begin PBXProject section */
		12A0FA481E20DC22000DA030 /* Project object */ = {
			isa = PBXProject;
			attributes = {
				LastSwiftUpdateCheck = 0820;
				LastUpgradeCheck = 0820;
				ORGANIZATIONNAME = yjiq150;
				TargetAttributes = {
					12A0FA4F1E20DC22000DA030 = {
						CreatedOnToolsVersion = 8.2;
						ProvisioningStyle = Automatic;
					};
					12A0FA631E20DC22000DA030 = {
						CreatedOnToolsVersion = 8.2;
						ProvisioningStyle = Automatic;
						TestTargetID = 12A0FA4F1E20DC22000DA030;
					};
					12A0FA6E1E20DC22000DA030 = {
						CreatedOnToolsVersion = 8.2;
						ProvisioningStyle = Automatic;
						TestTargetID = 12A0FA4F1E20DC22000DA030;
					};
				};
			};
			buildConfigurationList = 12A0FA4B1E20DC22000DA030 /* Build configuration list for PBXProject "FlickrViewer" */;
			compatibilityVersion = "Xcode 3.2";
			developmentRegion = English;
			hasScannedForEncodings = 0;
			knownRegions = (
				en,
				Base,
			);
			mainGroup = 12A0FA471E20DC22000DA030;
			productRefGroup = 12A0FA511E20DC22000DA030 /* Products */;
			projectDirPath = "";
			projectRoot = "";
			targets = (
				12A0FA4F1E20DC22000DA030 /* FlickrViewer */,
				12A0FA631E20DC22000DA030 /* FlickrViewerTests */,
				12A0FA6E1E20DC22000DA030 /* FlickrViewerUITests */,
			);
		};
/* End PBXProject section */

/* Begin PBXResourcesBuildPhase section */
		12A0FA4E1E20DC22000DA030 /* Resources */ = {
			isa = PBXResourcesBuildPhase;
			buildActionMask = 2147483647;
			files = (
				12A0FA5E1E20DC22000DA030 /* LaunchScreen.storyboard in Resources */,
				12A0FA5B1E20DC22000DA030 /* Assets.xcassets in Resources */,
				12A0FA591E20DC22000DA030 /* Main.storyboard in Resources */,
			);
			runOnlyForDeploymentPostprocessing = 0;
		};
		12A0FA621E20DC22000DA030 /* Resources */ = {
			isa = PBXResourcesBuildPhase;
			buildActionMask = 2147483647;
			files = (
			);
			runOnlyForDeploymentPostprocessing = 0;
		};
		12A0FA6D1E20DC22000DA030 /* Resources */ = {
			isa = PBXResourcesBuildPhase;
			buildActionMask = 2147483647;
			files = (
			);
			runOnlyForDeploymentPostprocessing = 0;
		};
/* End PBXResourcesBuildPhase section */

/* Begin PBXShellScriptBuildPhase section */
		38592C0422D7C0592E82E46A /* [CP] Embed Pods Frameworks */ = {
			isa = PBXShellScriptBuildPhase;
			buildActionMask = 2147483647;
			files = (
			);
			inputPaths = (
			);
			name = "[CP] Embed Pods Frameworks";
			outputPaths = (
			);
			runOnlyForDeploymentPostprocessing = 0;
			shellPath = /bin/sh;
			shellScript = "\"${SRCROOT}/Pods/Target Support Files/Pods-FlickrViewer/Pods-FlickrViewer-frameworks.sh\"\n";
			showEnvVarsInLog = 0;
		};
		77B72563D8EBF81D36C2529D /* [CP] Copy Pods Resources */ = {
			isa = PBXShellScriptBuildPhase;
			buildActionMask = 2147483647;
			files = (
			);
			inputPaths = (
			);
			name = "[CP] Copy Pods Resources";
			outputPaths = (
			);
			runOnlyForDeploymentPostprocessing = 0;
			shellPath = /bin/sh;
			shellScript = "\"${SRCROOT}/Pods/Target Support Files/Pods-FlickrViewer/Pods-FlickrViewer-resources.sh\"\n";
			showEnvVarsInLog = 0;
		};
		F4141CC49216FC6BEF2FDC16 /* [CP] Check Pods Manifest.lock */ = {
			isa = PBXShellScriptBuildPhase;
			buildActionMask = 2147483647;
			files = (
			);
			inputPaths = (
			);
			name = "[CP] Check Pods Manifest.lock";
			outputPaths = (
			);
			runOnlyForDeploymentPostprocessing = 0;
			shellPath = /bin/sh;
			shellScript = "diff \"${PODS_ROOT}/../Podfile.lock\" \"${PODS_ROOT}/Manifest.lock\" > /dev/null\nif [ $? != 0 ] ; then\n    # print error to STDERR\n    echo \"error: The sandbox is not in sync with the Podfile.lock. Run 'pod install' or update your CocoaPods installation.\" >&2\n    exit 1\nfi\n";
			showEnvVarsInLog = 0;
		};
/* End PBXShellScriptBuildPhase section */

/* Begin PBXSourcesBuildPhase section */
		12A0FA4C1E20DC22000DA030 /* Sources */ = {
			isa = PBXSourcesBuildPhase;
			buildActionMask = 2147483647;
			files = (
				12A0FA561E20DC22000DA030 /* ViewController.swift in Sources */,
				12A0FA541E20DC22000DA030 /* AppDelegate.swift in Sources */,
				12A0FA821E2125D6000DA030 /* FeedItem.swift in Sources */,
			);
			runOnlyForDeploymentPostprocessing = 0;
		};
		12A0FA601E20DC22000DA030 /* Sources */ = {
			isa = PBXSourcesBuildPhase;
			buildActionMask = 2147483647;
			files = (
				12A0FA691E20DC22000DA030 /* FlickrViewerTests.swift in Sources */,
			);
			runOnlyForDeploymentPostprocessing = 0;
		};
		12A0FA6B1E20DC22000DA030 /* Sources */ = {
			isa = PBXSourcesBuildPhase;
			buildActionMask = 2147483647;
			files = (
				12A0FA741E20DC22000DA030 /* FlickrViewerUITests.swift in Sources */,
			);
			runOnlyForDeploymentPostprocessing = 0;
		};
/* End PBXSourcesBuildPhase section */

/* Begin PBXTargetDependency section */
		12A0FA661E20DC22000DA030 /* PBXTargetDependency */ = {
			isa = PBXTargetDependency;
			target = 12A0FA4F1E20DC22000DA030 /* FlickrViewer */;
			targetProxy = 12A0FA651E20DC22000DA030 /* PBXContainerItemProxy */;
		};
		12A0FA711E20DC22000DA030 /* PBXTargetDependency */ = {
			isa = PBXTargetDependency;
			target = 12A0FA4F1E20DC22000DA030 /* FlickrViewer */;
			targetProxy = 12A0FA701E20DC22000DA030 /* PBXContainerItemProxy */;
		};
/* End PBXTargetDependency section */

/* Begin PBXVariantGroup section */
		12A0FA571E20DC22000DA030 /* Main.storyboard */ = {
			isa = PBXVariantGroup;
			children = (
				12A0FA581E20DC22000DA030 /* Base */,
			);
			name = Main.storyboard;
			sourceTree = "<group>";
		};
		12A0FA5C1E20DC22000DA030 /* LaunchScreen.storyboard */ = {
			isa = PBXVariantGroup;
			children = (
				12A0FA5D1E20DC22000DA030 /* Base */,
			);
			name = LaunchScreen.storyboard;
			sourceTree = "<group>";
		};
/* End PBXVariantGroup section */

/* Begin XCBuildConfiguration section */
		12A0FA761E20DC22000DA030 /* Debug */ = {
			isa = XCBuildConfiguration;
			buildSettings = {
				ALWAYS_SEARCH_USER_PATHS = NO;
				CLANG_ANALYZER_NONNULL = YES;
				CLANG_CXX_LANGUAGE_STANDARD = "gnu++0x";
				CLANG_CXX_LIBRARY = "libc++";
				CLANG_ENABLE_MODULES = YES;
				CLANG_ENABLE_OBJC_ARC = YES;
				CLANG_WARN_BOOL_CONVERSION = YES;
				CLANG_WARN_CONSTANT_CONVERSION = YES;
				CLANG_WARN_DIRECT_OBJC_ISA_USAGE = YES_ERROR;
				CLANG_WARN_DOCUMENTATION_COMMENTS = YES;
				CLANG_WARN_EMPTY_BODY = YES;
				CLANG_WARN_ENUM_CONVERSION = YES;
				CLANG_WARN_INFINITE_RECURSION = YES;
				CLANG_WARN_INT_CONVERSION = YES;
				CLANG_WARN_OBJC_ROOT_CLASS = YES_ERROR;
				CLANG_WARN_SUSPICIOUS_MOVE = YES;
				CLANG_WARN_UNREACHABLE_CODE = YES;
				CLANG_WARN__DUPLICATE_METHOD_MATCH = YES;
				"CODE_SIGN_IDENTITY[sdk=iphoneos*]" = "iPhone Developer";
				COPY_PHASE_STRIP = NO;
				DEBUG_INFORMATION_FORMAT = dwarf;
				ENABLE_STRICT_OBJC_MSGSEND = YES;
				ENABLE_TESTABILITY = YES;
				GCC_C_LANGUAGE_STANDARD = gnu99;
				GCC_DYNAMIC_NO_PIC = NO;
				GCC_NO_COMMON_BLOCKS = YES;
				GCC_OPTIMIZATION_LEVEL = 0;
				GCC_PREPROCESSOR_DEFINITIONS = (
					"DEBUG=1",
					"$(inherited)",
				);
				GCC_WARN_64_TO_32_BIT_CONVERSION = YES;
				GCC_WARN_ABOUT_RETURN_TYPE = YES_ERROR;
				GCC_WARN_UNDECLARED_SELECTOR = YES;
				GCC_WARN_UNINITIALIZED_AUTOS = YES_AGGRESSIVE;
				GCC_WARN_UNUSED_FUNCTION = YES;
				GCC_WARN_UNUSED_VARIABLE = YES;
				IPHONEOS_DEPLOYMENT_TARGET = 10.2;
				MTL_ENABLE_DEBUG_INFO = YES;
				ONLY_ACTIVE_ARCH = YES;
				SDKROOT = iphoneos;
				SWIFT_ACTIVE_COMPILATION_CONDITIONS = DEBUG;
				SWIFT_OPTIMIZATION_LEVEL = "-Onone";
				TARGETED_DEVICE_FAMILY = "1,2";
			};
			name = Debug;
		};
		12A0FA771E20DC22000DA030 /* Release */ = {
			isa = XCBuildConfiguration;
			buildSettings = {
				ALWAYS_SEARCH_USER_PATHS = NO;
				CLANG_ANALYZER_NONNULL = YES;
				CLANG_CXX_LANGUAGE_STANDARD = "gnu++0x";
				CLANG_CXX_LIBRARY = "libc++";
				CLANG_ENABLE_MODULES = YES;
				CLANG_ENABLE_OBJC_ARC = YES;
				CLANG_WARN_BOOL_CONVERSION = YES;
				CLANG_WARN_CONSTANT_CONVERSION = YES;
				CLANG_WARN_DIRECT_OBJC_ISA_USAGE = YES_ERROR;
				CLANG_WARN_DOCUMENTATION_COMMENTS = YES;
				CLANG_WARN_EMPTY_BODY = YES;
				CLANG_WARN_ENUM_CONVERSION = YES;
				CLANG_WARN_INFINITE_RECURSION = YES;
				CLANG_WARN_INT_CONVERSION = YES;
				CLANG_WARN_OBJC_ROOT_CLASS = YES_ERROR;
				CLANG_WARN_SUSPICIOUS_MOVE = YES;
				CLANG_WARN_UNREACHABLE_CODE = YES;
				CLANG_WARN__DUPLICATE_METHOD_MATCH = YES;
				"CODE_SIGN_IDENTITY[sdk=iphoneos*]" = "iPhone Developer";
				COPY_PHASE_STRIP = NO;
				DEBUG_INFORMATION_FORMAT = "dwarf-with-dsym";
				ENABLE_NS_ASSERTIONS = NO;
				ENABLE_STRICT_OBJC_MSGSEND = YES;
				GCC_C_LANGUAGE_STANDARD = gnu99;
				GCC_NO_COMMON_BLOCKS = YES;
				GCC_WARN_64_TO_32_BIT_CONVERSION = YES;
				GCC_WARN_ABOUT_RETURN_TYPE = YES_ERROR;
				GCC_WARN_UNDECLARED_SELECTOR = YES;
				GCC_WARN_UNINITIALIZED_AUTOS = YES_AGGRESSIVE;
				GCC_WARN_UNUSED_FUNCTION = YES;
				GCC_WARN_UNUSED_VARIABLE = YES;
				IPHONEOS_DEPLOYMENT_TARGET = 10.2;
				MTL_ENABLE_DEBUG_INFO = NO;
				SDKROOT = iphoneos;
				SWIFT_OPTIMIZATION_LEVEL = "-Owholemodule";
				TARGETED_DEVICE_FAMILY = "1,2";
				VALIDATE_PRODUCT = YES;
			};
			name = Release;
		};
		12A0FA791E20DC22000DA030 /* Debug */ = {
			isa = XCBuildConfiguration;
			baseConfigurationReference = 7E7FD74081F3C1E96B9F5D52 /* Pods-FlickrViewer.debug.xcconfig */;
			buildSettings = {
				ASSETCATALOG_COMPILER_APPICON_NAME = AppIcon;
				INFOPLIST_FILE = FlickrViewer/Info.plist;
				LD_RUNPATH_SEARCH_PATHS = "$(inherited) @executable_path/Frameworks";
				PRODUCT_BUNDLE_IDENTIFIER = com.letmecompile.FlickrViewer;
				PRODUCT_NAME = "$(TARGET_NAME)";
				SWIFT_VERSION = 3.0;
			};
			name = Debug;
		};
		12A0FA7A1E20DC22000DA030 /* Release */ = {
			isa = XCBuildConfiguration;
			baseConfigurationReference = B174100C208BBF80E674BB47 /* Pods-FlickrViewer.release.xcconfig */;
			buildSettings = {
				ASSETCATALOG_COMPILER_APPICON_NAME = AppIcon;
				INFOPLIST_FILE = FlickrViewer/Info.plist;
				LD_RUNPATH_SEARCH_PATHS = "$(inherited) @executable_path/Frameworks";
				PRODUCT_BUNDLE_IDENTIFIER = com.letmecompile.FlickrViewer;
				PRODUCT_NAME = "$(TARGET_NAME)";
				SWIFT_VERSION = 3.0;
			};
			name = Release;
		};
		12A0FA7C1E20DC22000DA030 /* Debug */ = {
			isa = XCBuildConfiguration;
			buildSettings = {
				ALWAYS_EMBED_SWIFT_STANDARD_LIBRARIES = YES;
				BUNDLE_LOADER = "$(TEST_HOST)";
				INFOPLIST_FILE = FlickrViewerTests/Info.plist;
				LD_RUNPATH_SEARCH_PATHS = "$(inherited) @executable_path/Frameworks @loader_path/Frameworks";
				PRODUCT_BUNDLE_IDENTIFIER = com.letmecompile.FlickrViewerTests;
				PRODUCT_NAME = "$(TARGET_NAME)";
				SWIFT_VERSION = 3.0;
				TEST_HOST = "$(BUILT_PRODUCTS_DIR)/FlickrViewer.app/FlickrViewer";
			};
			name = Debug;
		};
		12A0FA7D1E20DC22000DA030 /* Release */ = {
			isa = XCBuildConfiguration;
			buildSettings = {
				ALWAYS_EMBED_SWIFT_STANDARD_LIBRARIES = YES;
				BUNDLE_LOADER = "$(TEST_HOST)";
				INFOPLIST_FILE = FlickrViewerTests/Info.plist;
				LD_RUNPATH_SEARCH_PATHS = "$(inherited) @executable_path/Frameworks @loader_path/Frameworks";
				PRODUCT_BUNDLE_IDENTIFIER = com.letmecompile.FlickrViewerTests;
				PRODUCT_NAME = "$(TARGET_NAME)";
				SWIFT_VERSION = 3.0;
				TEST_HOST = "$(BUILT_PRODUCTS_DIR)/FlickrViewer.app/FlickrViewer";
			};
			name = Release;
		};
		12A0FA7F1E20DC22000DA030 /* Debug */ = {
			isa = XCBuildConfiguration;
			buildSettings = {
				ALWAYS_EMBED_SWIFT_STANDARD_LIBRARIES = YES;
				INFOPLIST_FILE = FlickrViewerUITests/Info.plist;
				LD_RUNPATH_SEARCH_PATHS = "$(inherited) @executable_path/Frameworks @loader_path/Frameworks";
				PRODUCT_BUNDLE_IDENTIFIER = com.letmecompile.FlickrViewerUITests;
				PRODUCT_NAME = "$(TARGET_NAME)";
				SWIFT_VERSION = 3.0;
				TEST_TARGET_NAME = FlickrViewer;
			};
			name = Debug;
		};
		12A0FA801E20DC22000DA030 /* Release */ = {
			isa = XCBuildConfiguration;
			buildSettings = {
				ALWAYS_EMBED_SWIFT_STANDARD_LIBRARIES = YES;
				INFOPLIST_FILE = FlickrViewerUITests/Info.plist;
				LD_RUNPATH_SEARCH_PATHS = "$(inherited) @executable_path/Frameworks @loader_path/Frameworks";
				PRODUCT_BUNDLE_IDENTIFIER = com.letmecompile.FlickrViewerUITests;
				PRODUCT_NAME = "$(TARGET_NAME)";
				SWIFT_VERSION = 3.0;
				TEST_TARGET_NAME = FlickrViewer;
			};
			name = Release;
		};
/* End XCBuildConfiguration section */

/* Begin XCConfigurationList section */
		12A0FA4B1E20DC22000DA030 /* Build configuration list for PBXProject "FlickrViewer" */ = {
			isa = XCConfigurationList;
			buildConfigurations = (
				12A0FA761E20DC22000DA030 /* Debug */,
				12A0FA771E20DC22000DA030 /* Release */,
			);
			defaultConfigurationIsVisible = 0;
			defaultConfigurationName = Release;
		};
		12A0FA781E20DC22000DA030 /* Build configuration list for PBXNativeTarget "FlickrViewer" */ = {
			isa = XCConfigurationList;
			buildConfigurations = (
				12A0FA791E20DC22000DA030 /* Debug */,
				12A0FA7A1E20DC22000DA030 /* Release */,
			);
			defaultConfigurationIsVisible = 0;
			defaultConfigurationName = Release;
		};
		12A0FA7B1E20DC22000DA030 /* Build configuration list for PBXNativeTarget "FlickrViewerTests" */ = {
			isa = XCConfigurationList;
			buildConfigurations = (
				12A0FA7C1E20DC22000DA030 /* Debug */,
				12A0FA7D1E20DC22000DA030 /* Release */,
			);
			defaultConfigurationIsVisible = 0;
			defaultConfigurationName = Release;
		};
		12A0FA7E1E20DC22000DA030 /* Build configuration list for PBXNativeTarget "FlickrViewerUITests" */ = {
			isa = XCConfigurationList;
			buildConfigurations = (
				12A0FA7F1E20DC22000DA030 /* Debug */,
				12A0FA801E20DC22000DA030 /* Release */,
			);
			defaultConfigurationIsVisible = 0;
			defaultConfigurationName = Release;
		};
/* End XCConfigurationList section */
	};
	rootObject = 12A0FA481E20DC22000DA030 /* Project object */;
}
